// !$*UTF8*$!
{
	archiveVersion = 1;
	classes = {
	};
	objectVersion = 56;
	objects = {

/* Begin PBXBuildFile section */
		1A2971C42A44A97500A1FD45 /* Constants.swift in Sources */ = {isa = PBXBuildFile; fileRef = 1A2971C32A44A97500A1FD45 /* Constants.swift */; };
		1A2971C62A44A99400A1FD45 /* Models.swift in Sources */ = {isa = PBXBuildFile; fileRef = 1A2971C52A44A99400A1FD45 /* Models.swift */; };
		1A2971C82A44A9AB00A1FD45 /* RecentlyPlayedView.swift in Sources */ = {isa = PBXBuildFile; fileRef = 1A2971C72A44A9AB00A1FD45 /* RecentlyPlayedView.swift */; };
		1A2971CA2A44A9C900A1FD45 /* AuthenticationView.swift in Sources */ = {isa = PBXBuildFile; fileRef = 1A2971C92A44A9C900A1FD45 /* AuthenticationView.swift */; };
		1A2971CC2A44A9E600A1FD45 /* SpotifyManager.swift in Sources */ = {isa = PBXBuildFile; fileRef = 1A2971CB2A44A9E600A1FD45 /* SpotifyManager.swift */; };
		1A2971CE2A44AA0400A1FD45 /* AppDelegate.swift in Sources */ = {isa = PBXBuildFile; fileRef = 1A2971CD2A44AA0400A1FD45 /* AppDelegate.swift */; };
		1A2971D02A44AA1900A1FD45 /* ContentView.swift in Sources */ = {isa = PBXBuildFile; fileRef = 1A2971CF2A44AA1900A1FD45 /* ContentView.swift */; };
		1A2971D22A44AAE700A1FD45 /* SpotifyiOS.framework in Frameworks */ = {isa = PBXBuildFile; fileRef = 1A2971D12A44AAE700A1FD45 /* SpotifyiOS.framework */; };
		1A2971D52A473A5A00A1FD45 /* SPTConfiguration.swift in Sources */ = {isa = PBXBuildFile; fileRef = 1A2971D42A473A5A00A1FD45 /* SPTConfiguration.swift */; };
		1AF6B73F2A3D77E600A6510A /* NINEMUSESApp.swift in Sources */ = {isa = PBXBuildFile; fileRef = 1AF6B73E2A3D77E600A6510A /* NINEMUSESApp.swift */; };
		1AF6B7432A3D77E700A6510A /* Assets.xcassets in Resources */ = {isa = PBXBuildFile; fileRef = 1AF6B7422A3D77E700A6510A /* Assets.xcassets */; };
		1AF6B7472A3D77E700A6510A /* Preview Assets.xcassets in Resources */ = {isa = PBXBuildFile; fileRef = 1AF6B7462A3D77E700A6510A /* Preview Assets.xcassets */; };
		1AF6B7512A3D77E700A6510A /* NINEMUSESTests.swift in Sources */ = {isa = PBXBuildFile; fileRef = 1AF6B7502A3D77E700A6510A /* NINEMUSESTests.swift */; };
		1AF6B75B2A3D77E700A6510A /* NINEMUSESUITests.swift in Sources */ = {isa = PBXBuildFile; fileRef = 1AF6B75A2A3D77E700A6510A /* NINEMUSESUITests.swift */; };
		1AF6B75D2A3D77E700A6510A /* NINEMUSESUITestsLaunchTests.swift in Sources */ = {isa = PBXBuildFile; fileRef = 1AF6B75C2A3D77E700A6510A /* NINEMUSESUITestsLaunchTests.swift */; };
		1AF6B76D2A3D790700A6510A /* NINEMUSES.xcdatamodeld in Sources */ = {isa = PBXBuildFile; fileRef = 1AF6B76B2A3D790700A6510A /* NINEMUSES.xcdatamodeld */; };
/* End PBXBuildFile section */

/* Begin PBXContainerItemProxy section */
		1AF6B74D2A3D77E700A6510A /* PBXContainerItemProxy */ = {
			isa = PBXContainerItemProxy;
			containerPortal = 1AF6B7332A3D77E600A6510A /* Project object */;
			proxyType = 1;
			remoteGlobalIDString = 1AF6B73A2A3D77E600A6510A;
			remoteInfo = NINEMUSES;
		};
		1AF6B7572A3D77E700A6510A /* PBXContainerItemProxy */ = {
			isa = PBXContainerItemProxy;
			containerPortal = 1AF6B7332A3D77E600A6510A /* Project object */;
			proxyType = 1;
			remoteGlobalIDString = 1AF6B73A2A3D77E600A6510A;
			remoteInfo = NINEMUSES;
		};
/* End PBXContainerItemProxy section */

/* Begin PBXFileReference section */
		1A2971C32A44A97500A1FD45 /* Constants.swift */ = {isa = PBXFileReference; lastKnownFileType = sourcecode.swift; path = Constants.swift; sourceTree = "<group>"; };
		1A2971C52A44A99400A1FD45 /* Models.swift */ = {isa = PBXFileReference; lastKnownFileType = sourcecode.swift; path = Models.swift; sourceTree = "<group>"; };
		1A2971C72A44A9AB00A1FD45 /* RecentlyPlayedView.swift */ = {isa = PBXFileReference; lastKnownFileType = sourcecode.swift; path = RecentlyPlayedView.swift; sourceTree = "<group>"; };
		1A2971C92A44A9C900A1FD45 /* AuthenticationView.swift */ = {isa = PBXFileReference; lastKnownFileType = sourcecode.swift; path = AuthenticationView.swift; sourceTree = "<group>"; };
		1A2971CB2A44A9E600A1FD45 /* SpotifyManager.swift */ = {isa = PBXFileReference; lastKnownFileType = sourcecode.swift; path = SpotifyManager.swift; sourceTree = "<group>"; };
		1A2971CD2A44AA0400A1FD45 /* AppDelegate.swift */ = {isa = PBXFileReference; lastKnownFileType = sourcecode.swift; path = AppDelegate.swift; sourceTree = "<group>"; };
		1A2971CF2A44AA1900A1FD45 /* ContentView.swift */ = {isa = PBXFileReference; lastKnownFileType = sourcecode.swift; path = ContentView.swift; sourceTree = "<group>"; };
		1A2971D12A44AAE700A1FD45 /* SpotifyiOS.framework */ = {isa = PBXFileReference; lastKnownFileType = wrapper.framework; path = SpotifyiOS.framework; sourceTree = "<group>"; };
		1A2971D32A44AD3900A1FD45 /* NINEMUSES-Bridging-Header.h */ = {isa = PBXFileReference; lastKnownFileType = sourcecode.c.h; path = "NINEMUSES-Bridging-Header.h"; sourceTree = "<group>"; };
		1A2971D42A473A5A00A1FD45 /* SPTConfiguration.swift */ = {isa = PBXFileReference; lastKnownFileType = sourcecode.swift; path = SPTConfiguration.swift; sourceTree = "<group>"; };
		1AF6B73B2A3D77E600A6510A /* NINEMUSES.app */ = {isa = PBXFileReference; explicitFileType = wrapper.application; includeInIndex = 0; path = NINEMUSES.app; sourceTree = BUILT_PRODUCTS_DIR; };
		1AF6B73E2A3D77E600A6510A /* NINEMUSESApp.swift */ = {isa = PBXFileReference; lastKnownFileType = sourcecode.swift; path = NINEMUSESApp.swift; sourceTree = "<group>"; };
		1AF6B7422A3D77E700A6510A /* Assets.xcassets */ = {isa = PBXFileReference; lastKnownFileType = folder.assetcatalog; path = Assets.xcassets; sourceTree = "<group>"; };
		1AF6B7442A3D77E700A6510A /* NINEMUSES.entitlements */ = {isa = PBXFileReference; lastKnownFileType = text.plist.entitlements; path = NINEMUSES.entitlements; sourceTree = "<group>"; };
		1AF6B7462A3D77E700A6510A /* Preview Assets.xcassets */ = {isa = PBXFileReference; lastKnownFileType = folder.assetcatalog; path = "Preview Assets.xcassets"; sourceTree = "<group>"; };
		1AF6B74C2A3D77E700A6510A /* NINEMUSESTests.xctest */ = {isa = PBXFileReference; explicitFileType = wrapper.cfbundle; includeInIndex = 0; path = NINEMUSESTests.xctest; sourceTree = BUILT_PRODUCTS_DIR; };
		1AF6B7502A3D77E700A6510A /* NINEMUSESTests.swift */ = {isa = PBXFileReference; lastKnownFileType = sourcecode.swift; path = NINEMUSESTests.swift; sourceTree = "<group>"; };
		1AF6B7562A3D77E700A6510A /* NINEMUSESUITests.xctest */ = {isa = PBXFileReference; explicitFileType = wrapper.cfbundle; includeInIndex = 0; path = NINEMUSESUITests.xctest; sourceTree = BUILT_PRODUCTS_DIR; };
		1AF6B75A2A3D77E700A6510A /* NINEMUSESUITests.swift */ = {isa = PBXFileReference; lastKnownFileType = sourcecode.swift; path = NINEMUSESUITests.swift; sourceTree = "<group>"; };
		1AF6B75C2A3D77E700A6510A /* NINEMUSESUITestsLaunchTests.swift */ = {isa = PBXFileReference; lastKnownFileType = sourcecode.swift; path = NINEMUSESUITestsLaunchTests.swift; sourceTree = "<group>"; };
		1AF6B76C2A3D790700A6510A /* NINEMUSES.xcdatamodel */ = {isa = PBXFileReference; lastKnownFileType = wrapper.xcdatamodel; path = NINEMUSES.xcdatamodel; sourceTree = "<group>"; };
		1AF6B78D2A4411A200A6510A /* Info.plist */ = {isa = PBXFileReference; lastKnownFileType = text.plist; path = Info.plist; sourceTree = "<group>"; };
/* End PBXFileReference section */

/* Begin PBXFrameworksBuildPhase section */
		1AF6B7382A3D77E600A6510A /* Frameworks */ = {
			isa = PBXFrameworksBuildPhase;
			buildActionMask = 2147483647;
			files = (
				1A2971D22A44AAE700A1FD45 /* SpotifyiOS.framework in Frameworks */,
			);
			runOnlyForDeploymentPostprocessing = 0;
		};
		1AF6B7492A3D77E700A6510A /* Frameworks */ = {
			isa = PBXFrameworksBuildPhase;
			buildActionMask = 2147483647;
			files = (
			);
			runOnlyForDeploymentPostprocessing = 0;
		};
		1AF6B7532A3D77E700A6510A /* Frameworks */ = {
			isa = PBXFrameworksBuildPhase;
			buildActionMask = 2147483647;
			files = (
			);
			runOnlyForDeploymentPostprocessing = 0;
		};
/* End PBXFrameworksBuildPhase section */

/* Begin PBXGroup section */
		1AF6B7322A3D77E600A6510A = {
			isa = PBXGroup;
			children = (
				1A2971D32A44AD3900A1FD45 /* NINEMUSES-Bridging-Header.h */,
				1A2971D12A44AAE700A1FD45 /* SpotifyiOS.framework */,
				1AF6B73D2A3D77E600A6510A /* NINEMUSES */,
				1AF6B74F2A3D77E700A6510A /* NINEMUSESTests */,
				1AF6B7592A3D77E700A6510A /* NINEMUSESUITests */,
				1AF6B73C2A3D77E600A6510A /* Products */,
			);
			sourceTree = "<group>";
		};
		1AF6B73C2A3D77E600A6510A /* Products */ = {
			isa = PBXGroup;
			children = (
				1AF6B73B2A3D77E600A6510A /* NINEMUSES.app */,
				1AF6B74C2A3D77E700A6510A /* NINEMUSESTests.xctest */,
				1AF6B7562A3D77E700A6510A /* NINEMUSESUITests.xctest */,
			);
			name = Products;
			sourceTree = "<group>";
		};
		1AF6B73D2A3D77E600A6510A /* NINEMUSES */ = {
			isa = PBXGroup;
			children = (
				1AF6B78D2A4411A200A6510A /* Info.plist */,
				1AF6B73E2A3D77E600A6510A /* NINEMUSESApp.swift */,
				1A2971C32A44A97500A1FD45 /* Constants.swift */,
				1A2971C52A44A99400A1FD45 /* Models.swift */,
				1A2971C72A44A9AB00A1FD45 /* RecentlyPlayedView.swift */,
				1A2971C92A44A9C900A1FD45 /* AuthenticationView.swift */,
				1A2971CB2A44A9E600A1FD45 /* SpotifyManager.swift */,
				1A2971CD2A44AA0400A1FD45 /* AppDelegate.swift */,
				1A2971CF2A44AA1900A1FD45 /* ContentView.swift */,
				1AF6B7422A3D77E700A6510A /* Assets.xcassets */,
				1AF6B76B2A3D790700A6510A /* NINEMUSES.xcdatamodeld */,
				1AF6B7442A3D77E700A6510A /* NINEMUSES.entitlements */,
				1AF6B7452A3D77E700A6510A /* Preview Content */,
				1A2971D42A473A5A00A1FD45 /* SPTConfiguration.swift */,
			);
			path = NINEMUSES;
			sourceTree = "<group>";
		};
		1AF6B7452A3D77E700A6510A /* Preview Content */ = {
			isa = PBXGroup;
			children = (
				1AF6B7462A3D77E700A6510A /* Preview Assets.xcassets */,
			);
			path = "Preview Content";
			sourceTree = "<group>";
		};
		1AF6B74F2A3D77E700A6510A /* NINEMUSESTests */ = {
			isa = PBXGroup;
			children = (
				1AF6B7502A3D77E700A6510A /* NINEMUSESTests.swift */,
			);
			path = NINEMUSESTests;
			sourceTree = "<group>";
		};
		1AF6B7592A3D77E700A6510A /* NINEMUSESUITests */ = {
			isa = PBXGroup;
			children = (
				1AF6B75A2A3D77E700A6510A /* NINEMUSESUITests.swift */,
				1AF6B75C2A3D77E700A6510A /* NINEMUSESUITestsLaunchTests.swift */,
			);
			path = NINEMUSESUITests;
			sourceTree = "<group>";
		};
/* End PBXGroup section */

/* Begin PBXNativeTarget section */
		1AF6B73A2A3D77E600A6510A /* NINEMUSES */ = {
			isa = PBXNativeTarget;
			buildConfigurationList = 1AF6B7602A3D77E700A6510A /* Build configuration list for PBXNativeTarget "NINEMUSES" */;
			buildPhases = (
				1AF6B7372A3D77E600A6510A /* Sources */,
				1AF6B7382A3D77E600A6510A /* Frameworks */,
				1AF6B7392A3D77E600A6510A /* Resources */,
			);
			buildRules = (
			);
			dependencies = (
			);
			name = NINEMUSES;
			packageProductDependencies = (
			);
			productName = NINEMUSES;
			productReference = 1AF6B73B2A3D77E600A6510A /* NINEMUSES.app */;
			productType = "com.apple.product-type.application";
		};
		1AF6B74B2A3D77E700A6510A /* NINEMUSESTests */ = {
			isa = PBXNativeTarget;
			buildConfigurationList = 1AF6B7632A3D77E700A6510A /* Build configuration list for PBXNativeTarget "NINEMUSESTests" */;
			buildPhases = (
				1AF6B7482A3D77E700A6510A /* Sources */,
				1AF6B7492A3D77E700A6510A /* Frameworks */,
				1AF6B74A2A3D77E700A6510A /* Resources */,
			);
			buildRules = (
			);
			dependencies = (
				1AF6B74E2A3D77E700A6510A /* PBXTargetDependency */,
			);
			name = NINEMUSESTests;
			productName = NINEMUSESTests;
			productReference = 1AF6B74C2A3D77E700A6510A /* NINEMUSESTests.xctest */;
			productType = "com.apple.product-type.bundle.unit-test";
		};
		1AF6B7552A3D77E700A6510A /* NINEMUSESUITests */ = {
			isa = PBXNativeTarget;
			buildConfigurationList = 1AF6B7662A3D77E700A6510A /* Build configuration list for PBXNativeTarget "NINEMUSESUITests" */;
			buildPhases = (
				1AF6B7522A3D77E700A6510A /* Sources */,
				1AF6B7532A3D77E700A6510A /* Frameworks */,
				1AF6B7542A3D77E700A6510A /* Resources */,
			);
			buildRules = (
			);
			dependencies = (
				1AF6B7582A3D77E700A6510A /* PBXTargetDependency */,
			);
			name = NINEMUSESUITests;
			productName = NINEMUSESUITests;
			productReference = 1AF6B7562A3D77E700A6510A /* NINEMUSESUITests.xctest */;
			productType = "com.apple.product-type.bundle.ui-testing";
		};
/* End PBXNativeTarget section */

/* Begin PBXProject section */
		1AF6B7332A3D77E600A6510A /* Project object */ = {
			isa = PBXProject;
			attributes = {
				BuildIndependentTargetsInParallel = 1;
				LastSwiftUpdateCheck = 1430;
				LastUpgradeCheck = 1430;
				TargetAttributes = {
					1AF6B73A2A3D77E600A6510A = {
						CreatedOnToolsVersion = 14.3.1;
					};
					1AF6B74B2A3D77E700A6510A = {
						CreatedOnToolsVersion = 14.3.1;
						TestTargetID = 1AF6B73A2A3D77E600A6510A;
					};
					1AF6B7552A3D77E700A6510A = {
						CreatedOnToolsVersion = 14.3.1;
						TestTargetID = 1AF6B73A2A3D77E600A6510A;
					};
				};
			};
			buildConfigurationList = 1AF6B7362A3D77E600A6510A /* Build configuration list for PBXProject "NINEMUSES" */;
			compatibilityVersion = "Xcode 14.0";
			developmentRegion = en;
			hasScannedForEncodings = 0;
			knownRegions = (
				en,
				Base,
			);
			mainGroup = 1AF6B7322A3D77E600A6510A;
			packageReferences = (
			);
			productRefGroup = 1AF6B73C2A3D77E600A6510A /* Products */;
			projectDirPath = "";
			projectRoot = "";
			targets = (
				1AF6B73A2A3D77E600A6510A /* NINEMUSES */,
				1AF6B74B2A3D77E700A6510A /* NINEMUSESTests */,
				1AF6B7552A3D77E700A6510A /* NINEMUSESUITests */,
			);
		};
/* End PBXProject section */

/* Begin PBXResourcesBuildPhase section */
		1AF6B7392A3D77E600A6510A /* Resources */ = {
			isa = PBXResourcesBuildPhase;
			buildActionMask = 2147483647;
			files = (
				1AF6B7472A3D77E700A6510A /* Preview Assets.xcassets in Resources */,
				1AF6B7432A3D77E700A6510A /* Assets.xcassets in Resources */,
			);
			runOnlyForDeploymentPostprocessing = 0;
		};
		1AF6B74A2A3D77E700A6510A /* Resources */ = {
			isa = PBXResourcesBuildPhase;
			buildActionMask = 2147483647;
			files = (
			);
			runOnlyForDeploymentPostprocessing = 0;
		};
		1AF6B7542A3D77E700A6510A /* Resources */ = {
			isa = PBXResourcesBuildPhase;
			buildActionMask = 2147483647;
			files = (
			);
			runOnlyForDeploymentPostprocessing = 0;
		};
/* End PBXResourcesBuildPhase section */

/* Begin PBXSourcesBuildPhase section */
		1AF6B7372A3D77E600A6510A /* Sources */ = {
			isa = PBXSourcesBuildPhase;
			buildActionMask = 2147483647;
			files = (
				1A2971CE2A44AA0400A1FD45 /* AppDelegate.swift in Sources */,
				1AF6B76D2A3D790700A6510A /* NINEMUSES.xcdatamodeld in Sources */,
				1A2971CC2A44A9E600A1FD45 /* SpotifyManager.swift in Sources */,
				1AF6B73F2A3D77E600A6510A /* NINEMUSESApp.swift in Sources */,
				1A2971CA2A44A9C900A1FD45 /* AuthenticationView.swift in Sources */,
				1A2971D02A44AA1900A1FD45 /* ContentView.swift in Sources */,
				1A2971C82A44A9AB00A1FD45 /* RecentlyPlayedView.swift in Sources */,
				1A2971C42A44A97500A1FD45 /* Constants.swift in Sources */,
				1A2971D52A473A5A00A1FD45 /* SPTConfiguration.swift in Sources */,
				1A2971C62A44A99400A1FD45 /* Models.swift in Sources */,
			);
			runOnlyForDeploymentPostprocessing = 0;
		};
		1AF6B7482A3D77E700A6510A /* Sources */ = {
			isa = PBXSourcesBuildPhase;
			buildActionMask = 2147483647;
			files = (
				1AF6B7512A3D77E700A6510A /* NINEMUSESTests.swift in Sources */,
			);
			runOnlyForDeploymentPostprocessing = 0;
		};
		1AF6B7522A3D77E700A6510A /* Sources */ = {
			isa = PBXSourcesBuildPhase;
			buildActionMask = 2147483647;
			files = (
				1AF6B75D2A3D77E700A6510A /* NINEMUSESUITestsLaunchTests.swift in Sources */,
				1AF6B75B2A3D77E700A6510A /* NINEMUSESUITests.swift in Sources */,
			);
			runOnlyForDeploymentPostprocessing = 0;
		};
/* End PBXSourcesBuildPhase section */

/* Begin PBXTargetDependency section */
		1AF6B74E2A3D77E700A6510A /* PBXTargetDependency */ = {
			isa = PBXTargetDependency;
			target = 1AF6B73A2A3D77E600A6510A /* NINEMUSES */;
			targetProxy = 1AF6B74D2A3D77E700A6510A /* PBXContainerItemProxy */;
		};
		1AF6B7582A3D77E700A6510A /* PBXTargetDependency */ = {
			isa = PBXTargetDependency;
			target = 1AF6B73A2A3D77E600A6510A /* NINEMUSES */;
			targetProxy = 1AF6B7572A3D77E700A6510A /* PBXContainerItemProxy */;
		};
/* End PBXTargetDependency section */

/* Begin XCBuildConfiguration section */
		1AF6B75E2A3D77E700A6510A /* Debug */ = {
			isa = XCBuildConfiguration;
			buildSettings = {
				ALWAYS_SEARCH_USER_PATHS = NO;
				CLANG_ANALYZER_NONNULL = YES;
				CLANG_ANALYZER_NUMBER_OBJECT_CONVERSION = YES_AGGRESSIVE;
				CLANG_CXX_LANGUAGE_STANDARD = "gnu++20";
				CLANG_ENABLE_MODULES = YES;
				CLANG_ENABLE_OBJC_ARC = YES;
				CLANG_ENABLE_OBJC_WEAK = YES;
				CLANG_WARN_BLOCK_CAPTURE_AUTORELEASING = YES;
				CLANG_WARN_BOOL_CONVERSION = YES;
				CLANG_WARN_COMMA = YES;
				CLANG_WARN_CONSTANT_CONVERSION = YES;
				CLANG_WARN_DEPRECATED_OBJC_IMPLEMENTATIONS = YES;
				CLANG_WARN_DIRECT_OBJC_ISA_USAGE = YES_ERROR;
				CLANG_WARN_DOCUMENTATION_COMMENTS = YES;
				CLANG_WARN_EMPTY_BODY = YES;
				CLANG_WARN_ENUM_CONVERSION = YES;
				CLANG_WARN_INFINITE_RECURSION = YES;
				CLANG_WARN_INT_CONVERSION = YES;
				CLANG_WARN_NON_LITERAL_NULL_CONVERSION = YES;
				CLANG_WARN_OBJC_IMPLICIT_RETAIN_SELF = YES;
				CLANG_WARN_OBJC_LITERAL_CONVERSION = YES;
				CLANG_WARN_OBJC_ROOT_CLASS = YES_ERROR;
				CLANG_WARN_QUOTED_INCLUDE_IN_FRAMEWORK_HEADER = YES;
				CLANG_WARN_RANGE_LOOP_ANALYSIS = YES;
				CLANG_WARN_STRICT_PROTOTYPES = YES;
				CLANG_WARN_SUSPICIOUS_MOVE = YES;
				CLANG_WARN_UNGUARDED_AVAILABILITY = YES_AGGRESSIVE;
				CLANG_WARN_UNREACHABLE_CODE = YES;
				CLANG_WARN__DUPLICATE_METHOD_MATCH = YES;
				COPY_PHASE_STRIP = NO;
				DEBUG_INFORMATION_FORMAT = dwarf;
				ENABLE_STRICT_OBJC_MSGSEND = YES;
				ENABLE_TESTABILITY = YES;
				GCC_C_LANGUAGE_STANDARD = gnu11;
				GCC_DYNAMIC_NO_PIC = NO;
				GCC_NO_COMMON_BLOCKS = YES;
				GCC_OPTIMIZATION_LEVEL = 0;
				GCC_PREPROCESSOR_DEFINITIONS = (
					"DEBUG=1",
					"$(inherited)",
				);
				GCC_WARN_64_TO_32_BIT_CONVERSION = YES;
				GCC_WARN_ABOUT_RETURN_TYPE = YES_ERROR;
				GCC_WARN_UNDECLARED_SELECTOR = YES;
				GCC_WARN_UNINITIALIZED_AUTOS = YES_AGGRESSIVE;
				GCC_WARN_UNUSED_FUNCTION = YES;
				GCC_WARN_UNUSED_VARIABLE = YES;
				MTL_ENABLE_DEBUG_INFO = INCLUDE_SOURCE;
				MTL_FAST_MATH = YES;
				ONLY_ACTIVE_ARCH = YES;
				SWIFT_ACTIVE_COMPILATION_CONDITIONS = DEBUG;
				SWIFT_OPTIMIZATION_LEVEL = "-Onone";
			};
			name = Debug;
		};
		1AF6B75F2A3D77E700A6510A /* Release */ = {
			isa = XCBuildConfiguration;
			buildSettings = {
				ALWAYS_SEARCH_USER_PATHS = NO;
				CLANG_ANALYZER_NONNULL = YES;
				CLANG_ANALYZER_NUMBER_OBJECT_CONVERSION = YES_AGGRESSIVE;
				CLANG_CXX_LANGUAGE_STANDARD = "gnu++20";
				CLANG_ENABLE_MODULES = YES;
				CLANG_ENABLE_OBJC_ARC = YES;
				CLANG_ENABLE_OBJC_WEAK = YES;
				CLANG_WARN_BLOCK_CAPTURE_AUTORELEASING = YES;
				CLANG_WARN_BOOL_CONVERSION = YES;
				CLANG_WARN_COMMA = YES;
				CLANG_WARN_CONSTANT_CONVERSION = YES;
				CLANG_WARN_DEPRECATED_OBJC_IMPLEMENTATIONS = YES;
				CLANG_WARN_DIRECT_OBJC_ISA_USAGE = YES_ERROR;
				CLANG_WARN_DOCUMENTATION_COMMENTS = YES;
				CLANG_WARN_EMPTY_BODY = YES;
				CLANG_WARN_ENUM_CONVERSION = YES;
				CLANG_WARN_INFINITE_RECURSION = YES;
				CLANG_WARN_INT_CONVERSION = YES;
				CLANG_WARN_NON_LITERAL_NULL_CONVERSION = YES;
				CLANG_WARN_OBJC_IMPLICIT_RETAIN_SELF = YES;
				CLANG_WARN_OBJC_LITERAL_CONVERSION = YES;
				CLANG_WARN_OBJC_ROOT_CLASS = YES_ERROR;
				CLANG_WARN_QUOTED_INCLUDE_IN_FRAMEWORK_HEADER = YES;
				CLANG_WARN_RANGE_LOOP_ANALYSIS = YES;
				CLANG_WARN_STRICT_PROTOTYPES = YES;
				CLANG_WARN_SUSPICIOUS_MOVE = YES;
				CLANG_WARN_UNGUARDED_AVAILABILITY = YES_AGGRESSIVE;
				CLANG_WARN_UNREACHABLE_CODE = YES;
				CLANG_WARN__DUPLICATE_METHOD_MATCH = YES;
				COPY_PHASE_STRIP = NO;
				DEBUG_INFORMATION_FORMAT = "dwarf-with-dsym";
				ENABLE_NS_ASSERTIONS = NO;
				ENABLE_STRICT_OBJC_MSGSEND = YES;
				GCC_C_LANGUAGE_STANDARD = gnu11;
				GCC_NO_COMMON_BLOCKS = YES;
				GCC_WARN_64_TO_32_BIT_CONVERSION = YES;
				GCC_WARN_ABOUT_RETURN_TYPE = YES_ERROR;
				GCC_WARN_UNDECLARED_SELECTOR = YES;
				GCC_WARN_UNINITIALIZED_AUTOS = YES_AGGRESSIVE;
				GCC_WARN_UNUSED_FUNCTION = YES;
				GCC_WARN_UNUSED_VARIABLE = YES;
				MTL_ENABLE_DEBUG_INFO = NO;
				MTL_FAST_MATH = YES;
				SWIFT_COMPILATION_MODE = wholemodule;
				SWIFT_OPTIMIZATION_LEVEL = "-O";
			};
			name = Release;
		};
		1AF6B7612A3D77E700A6510A /* Debug */ = {
			isa = XCBuildConfiguration;
			buildSettings = {
				ASSETCATALOG_COMPILER_APPICON_NAME = AppIcon;
				ASSETCATALOG_COMPILER_GLOBAL_ACCENT_COLOR_NAME = AccentColor;
				CODE_SIGN_ENTITLEMENTS = NINEMUSES/NINEMUSES.entitlements;
				CODE_SIGN_STYLE = Automatic;
				CURRENT_PROJECT_VERSION = 1;
				DEVELOPMENT_ASSET_PATHS = "\"NINEMUSES/Preview Content\"";
				DEVELOPMENT_TEAM = 5R6CF59GRY;
				ENABLE_HARDENED_RUNTIME = YES;
				ENABLE_PREVIEWS = YES;
				FRAMEWORK_SEARCH_PATHS = (
					"$(inherited)",
					"$(PROJECT_DIR)",
					"$(PROJECT_DIR)/NINEMUSES",
				);
				GENERATE_INFOPLIST_FILE = YES;
				INFOPLIST_FILE = NINEMUSES/Info.plist;
				"INFOPLIST_KEY_UIApplicationSceneManifest_Generation[sdk=iphoneos*]" = YES;
				"INFOPLIST_KEY_UIApplicationSceneManifest_Generation[sdk=iphonesimulator*]" = YES;
				"INFOPLIST_KEY_UIApplicationSupportsIndirectInputEvents[sdk=iphoneos*]" = YES;
				"INFOPLIST_KEY_UIApplicationSupportsIndirectInputEvents[sdk=iphonesimulator*]" = YES;
				"INFOPLIST_KEY_UILaunchScreen_Generation[sdk=iphoneos*]" = YES;
				"INFOPLIST_KEY_UILaunchScreen_Generation[sdk=iphonesimulator*]" = YES;
				"INFOPLIST_KEY_UIStatusBarStyle[sdk=iphoneos*]" = UIStatusBarStyleDefault;
				"INFOPLIST_KEY_UIStatusBarStyle[sdk=iphonesimulator*]" = UIStatusBarStyleDefault;
				INFOPLIST_KEY_UISupportedInterfaceOrientations_iPad = "UIInterfaceOrientationPortrait UIInterfaceOrientationPortraitUpsideDown UIInterfaceOrientationLandscapeLeft UIInterfaceOrientationLandscapeRight";
				INFOPLIST_KEY_UISupportedInterfaceOrientations_iPhone = "UIInterfaceOrientationPortrait UIInterfaceOrientationLandscapeLeft UIInterfaceOrientationLandscapeRight";
				IPHONEOS_DEPLOYMENT_TARGET = 16.4;
				LD_RUNPATH_SEARCH_PATHS = "@executable_path/Frameworks";
				"LD_RUNPATH_SEARCH_PATHS[sdk=macosx*]" = "@executable_path/../Frameworks";
				MACOSX_DEPLOYMENT_TARGET = 13.3;
				MARKETING_VERSION = 1.0;
				OTHER_LDFLAGS = "-ObjC";
				PRODUCT_BUNDLE_IDENTIFIER = com.example.portokali.NINEMUSES;
				PRODUCT_NAME = "$(TARGET_NAME)";
				SDKROOT = auto;
				SUPPORTED_PLATFORMS = "iphoneos iphonesimulator macosx";
				SWIFT_EMIT_LOC_STRINGS = YES;
				SWIFT_OBJC_BRIDGING_HEADER = "NINEMUSES-Bridging-Header.h";
				SWIFT_VERSION = 5.0;
				TARGETED_DEVICE_FAMILY = "1,2";
			};
			name = Debug;
		};
		1AF6B7622A3D77E700A6510A /* Release */ = {
			isa = XCBuildConfiguration;
			buildSettings = {
				ASSETCATALOG_COMPILER_APPICON_NAME = AppIcon;
				ASSETCATALOG_COMPILER_GLOBAL_ACCENT_COLOR_NAME = AccentColor;
				CODE_SIGN_ENTITLEMENTS = NINEMUSES/NINEMUSES.entitlements;
				CODE_SIGN_STYLE = Automatic;
				CURRENT_PROJECT_VERSION = 1;
				DEVELOPMENT_ASSET_PATHS = "\"NINEMUSES/Preview Content\"";
				DEVELOPMENT_TEAM = 5R6CF59GRY;
				ENABLE_HARDENED_RUNTIME = YES;
				ENABLE_PREVIEWS = YES;
				FRAMEWORK_SEARCH_PATHS = (
					"$(inherited)",
					"$(PROJECT_DIR)",
					"$(PROJECT_DIR)/NINEMUSES",
				);
				GENERATE_INFOPLIST_FILE = YES;
				INFOPLIST_FILE = NINEMUSES/Info.plist;
				"INFOPLIST_KEY_UIApplicationSceneManifest_Generation[sdk=iphoneos*]" = YES;
				"INFOPLIST_KEY_UIApplicationSceneManifest_Generation[sdk=iphonesimulator*]" = YES;
				"INFOPLIST_KEY_UIApplicationSupportsIndirectInputEvents[sdk=iphoneos*]" = YES;
				"INFOPLIST_KEY_UIApplicationSupportsIndirectInputEvents[sdk=iphonesimulator*]" = YES;
				"INFOPLIST_KEY_UILaunchScreen_Generation[sdk=iphoneos*]" = YES;
				"INFOPLIST_KEY_UILaunchScreen_Generation[sdk=iphonesimulator*]" = YES;
				"INFOPLIST_KEY_UIStatusBarStyle[sdk=iphoneos*]" = UIStatusBarStyleDefault;
				"INFOPLIST_KEY_UIStatusBarStyle[sdk=iphonesimulator*]" = UIStatusBarStyleDefault;
				INFOPLIST_KEY_UISupportedInterfaceOrientations_iPad = "UIInterfaceOrientationPortrait UIInterfaceOrientationPortraitUpsideDown UIInterfaceOrientationLandscapeLeft UIInterfaceOrientationLandscapeRight";
				INFOPLIST_KEY_UISupportedInterfaceOrientations_iPhone = "UIInterfaceOrientationPortrait UIInterfaceOrientationLandscapeLeft UIInterfaceOrientationLandscapeRight";
				IPHONEOS_DEPLOYMENT_TARGET = 16.4;
				LD_RUNPATH_SEARCH_PATHS = "@executable_path/Frameworks";
				"LD_RUNPATH_SEARCH_PATHS[sdk=macosx*]" = "@executable_path/../Frameworks";
				MACOSX_DEPLOYMENT_TARGET = 13.3;
				MARKETING_VERSION = 1.0;
				OTHER_LDFLAGS = "-ObjC";
				PRODUCT_BUNDLE_IDENTIFIER = com.example.portokali.NINEMUSES;
				PRODUCT_NAME = "$(TARGET_NAME)";
				SDKROOT = auto;
				SUPPORTED_PLATFORMS = "iphoneos iphonesimulator macosx";
				SWIFT_EMIT_LOC_STRINGS = YES;
				SWIFT_OBJC_BRIDGING_HEADER = "NINEMUSES-Bridging-Header.h";
				SWIFT_VERSION = 5.0;
				TARGETED_DEVICE_FAMILY = "1,2";
			};
			name = Release;
		};
		1AF6B7642A3D77E700A6510A /* Debug */ = {
			isa = XCBuildConfiguration;
			buildSettings = {
				ALWAYS_EMBED_SWIFT_STANDARD_LIBRARIES = YES;
				BUNDLE_LOADER = "$(TEST_HOST)";
				CODE_SIGN_STYLE = Automatic;
				CURRENT_PROJECT_VERSION = 1;
				DEVELOPMENT_TEAM = 5R6CF59GRY;
				GENERATE_INFOPLIST_FILE = YES;
				IPHONEOS_DEPLOYMENT_TARGET = 16.4;
				MACOSX_DEPLOYMENT_TARGET = 13.3;
				MARKETING_VERSION = 1.0;
				PRODUCT_BUNDLE_IDENTIFIER = com.example.portokali.NINEMUSESTests;
				PRODUCT_NAME = "$(TARGET_NAME)";
				SDKROOT = auto;
				SUPPORTED_PLATFORMS = "iphoneos iphonesimulator macosx";
				SWIFT_EMIT_LOC_STRINGS = NO;
				SWIFT_VERSION = 5.0;
				TARGETED_DEVICE_FAMILY = "1,2";
				TEST_HOST = "$(BUILT_PRODUCTS_DIR)/NINEMUSES.app/$(BUNDLE_EXECUTABLE_FOLDER_PATH)/NINEMUSES";
			};
			name = Debug;
		};
		1AF6B7652A3D77E700A6510A /* Release */ = {
			isa = XCBuildConfiguration;
			buildSettings = {
				ALWAYS_EMBED_SWIFT_STANDARD_LIBRARIES = YES;
				BUNDLE_LOADER = "$(TEST_HOST)";
				CODE_SIGN_STYLE = Automatic;
				CURRENT_PROJECT_VERSION = 1;
				DEVELOPMENT_TEAM = 5R6CF59GRY;
				GENERATE_INFOPLIST_FILE = YES;
				IPHONEOS_DEPLOYMENT_TARGET = 16.4;
				MACOSX_DEPLOYMENT_TARGET = 13.3;
				MARKETING_VERSION = 1.0;
				PRODUCT_BUNDLE_IDENTIFIER = com.example.portokali.NINEMUSESTests;
				PRODUCT_NAME = "$(TARGET_NAME)";
				SDKROOT = auto;
				SUPPORTED_PLATFORMS = "iphoneos iphonesimulator macosx";
				SWIFT_EMIT_LOC_STRINGS = NO;
				SWIFT_VERSION = 5.0;
				TARGETED_DEVICE_FAMILY = "1,2";
				TEST_HOST = "$(BUILT_PRODUCTS_DIR)/NINEMUSES.app/$(BUNDLE_EXECUTABLE_FOLDER_PATH)/NINEMUSES";
			};
			name = Release;
		};
		1AF6B7672A3D77E700A6510A /* Debug */ = {
			isa = XCBuildConfiguration;
			buildSettings = {
				ALWAYS_EMBED_SWIFT_STANDARD_LIBRARIES = YES;
				CODE_SIGN_STYLE = Automatic;
				CURRENT_PROJECT_VERSION = 1;
				DEVELOPMENT_TEAM = 5R6CF59GRY;
				GENERATE_INFOPLIST_FILE = YES;
				IPHONEOS_DEPLOYMENT_TARGET = 16.4;
				MACOSX_DEPLOYMENT_TARGET = 13.3;
				MARKETING_VERSION = 1.0;
				PRODUCT_BUNDLE_IDENTIFIER = com.example.portokali.NINEMUSESUITests;
				PRODUCT_NAME = "$(TARGET_NAME)";
				SDKROOT = auto;
				SUPPORTED_PLATFORMS = "iphoneos iphonesimulator macosx";
				SWIFT_EMIT_LOC_STRINGS = NO;
				SWIFT_VERSION = 5.0;
				TARGETED_DEVICE_FAMILY = "1,2";
				TEST_TARGET_NAME = NINEMUSES;
			};
			name = Debug;
		};
		1AF6B7682A3D77E700A6510A /* Release */ = {
			isa = XCBuildConfiguration;
			buildSettings = {
				ALWAYS_EMBED_SWIFT_STANDARD_LIBRARIES = YES;
				CODE_SIGN_STYLE = Automatic;
				CURRENT_PROJECT_VERSION = 1;
				DEVELOPMENT_TEAM = 5R6CF59GRY;
				GENERATE_INFOPLIST_FILE = YES;
				IPHONEOS_DEPLOYMENT_TARGET = 16.4;
				MACOSX_DEPLOYMENT_TARGET = 13.3;
				MARKETING_VERSION = 1.0;
				PRODUCT_BUNDLE_IDENTIFIER = com.example.portokali.NINEMUSESUITests;
				PRODUCT_NAME = "$(TARGET_NAME)";
				SDKROOT = auto;
				SUPPORTED_PLATFORMS = "iphoneos iphonesimulator macosx";
				SWIFT_EMIT_LOC_STRINGS = NO;
				SWIFT_VERSION = 5.0;
				TARGETED_DEVICE_FAMILY = "1,2";
				TEST_TARGET_NAME = NINEMUSES;
			};
			name = Release;
		};
/* End XCBuildConfiguration section */

/* Begin XCConfigurationList section */
		1AF6B7362A3D77E600A6510A /* Build configuration list for PBXProject "NINEMUSES" */ = {
			isa = XCConfigurationList;
			buildConfigurations = (
				1AF6B75E2A3D77E700A6510A /* Debug */,
				1AF6B75F2A3D77E700A6510A /* Release */,
			);
			defaultConfigurationIsVisible = 0;
			defaultConfigurationName = Release;
		};
		1AF6B7602A3D77E700A6510A /* Build configuration list for PBXNativeTarget "NINEMUSES" */ = {
			isa = XCConfigurationList;
			buildConfigurations = (
				1AF6B7612A3D77E700A6510A /* Debug */,
				1AF6B7622A3D77E700A6510A /* Release */,
			);
			defaultConfigurationIsVisible = 0;
			defaultConfigurationName = Release;
		};
		1AF6B7632A3D77E700A6510A /* Build configuration list for PBXNativeTarget "NINEMUSESTests" */ = {
			isa = XCConfigurationList;
			buildConfigurations = (
				1AF6B7642A3D77E700A6510A /* Debug */,
				1AF6B7652A3D77E700A6510A /* Release */,
			);
			defaultConfigurationIsVisible = 0;
			defaultConfigurationName = Release;
		};
		1AF6B7662A3D77E700A6510A /* Build configuration list for PBXNativeTarget "NINEMUSESUITests" */ = {
			isa = XCConfigurationList;
			buildConfigurations = (
				1AF6B7672A3D77E700A6510A /* Debug */,
				1AF6B7682A3D77E700A6510A /* Release */,
			);
			defaultConfigurationIsVisible = 0;
			defaultConfigurationName = Release;
		};
/* End XCConfigurationList section */

/* Begin XCVersionGroup section */
		1AF6B76B2A3D790700A6510A /* NINEMUSES.xcdatamodeld */ = {
			isa = XCVersionGroup;
			children = (
				1AF6B76C2A3D790700A6510A /* NINEMUSES.xcdatamodel */,
			);
			currentVersion = 1AF6B76C2A3D790700A6510A /* NINEMUSES.xcdatamodel */;
			path = NINEMUSES.xcdatamodeld;
			sourceTree = "<group>";
			versionGroupType = wrapper.xcdatamodel;
		};
/* End XCVersionGroup section */
	};
	rootObject = 1AF6B7332A3D77E600A6510A /* Project object */;
}
